
Microsoft Visual Studio Solution File, Format Version 12.00
# Visual Studio Version 17
VisualStudioVersion = 17.13.35913.81 d17.13
MinimumVisualStudioVersion = 10.0.40219.1
Project("{FAE04EC0-301F-11D3-BF4B-00C04F79EFBC}") = "u20557303_Prac1d", "u20557303_Prac1d\u20557303_Prac1d.csproj", "{DD835191-87C8-41D8-8EBA-AB3FBA69A891}"
EndProject
Global
	GlobalSection(SolutionConfigurationPlatforms) = preSolution
		Debug|Any CPU = Debug|Any CPU
		Release|Any CPU = Release|Any CPU
	EndGlobalSection
	GlobalSection(ProjectConfigurationPlatforms) = postSolution
		{DD835191-87C8-41D8-8EBA-AB3FBA69A891}.Debug|Any CPU.ActiveCfg = Debug|Any CPU
		{DD835191-87C8-41D8-8EBA-AB3FBA69A891}.Debug|Any CPU.Build.0 = Debug|Any CPU
		{DD835191-87C8-41D8-8EBA-AB3FBA69A891}.Release|Any CPU.ActiveCfg = Release|Any CPU
		{DD835191-87C8-41D8-8EBA-AB3FBA69A891}.Release|Any CPU.Build.0 = Release|Any CPU
	EndGlobalSection
	GlobalSection(SolutionProperties) = preSolution
		HideSolutionNode = FALSE
	EndGlobalSection
	GlobalSection(ExtensibilityGlobals) = postSolution
		SolutionGuid = {5ADD8786-16CE-4A50-9962-51F7CBFE88EC}
	EndGlobalSection
EndGlobal
